
Microsoft Visual Studio Solution File, Format Version 12.00
# Visual Studio Version 16
VisualStudioVersion = 25.0.1704.5
MinimumVisualStudioVersion = 10.0.40219.1
Project("{FAE04EC0-301F-11D3-BF4B-00C04F79EFBC}") = "Rxmxnx.PInvoke.Common.Intermediate", "Intermediate\Rxmxnx.PInvoke.Common.Intermediate\Rxmxnx.PInvoke.Common.Intermediate.csproj", "{28D580AB-F5AF-44F7-8071-5D200C9858AA}"
EndProject
Project("{FAE04EC0-301F-11D3-BF4B-00C04F79EFBC}") = "Rxmxnx.PInvoke.Extensions.Intermediate", "Intermediate\Rxmxnx.PInvoke.Extensions.Intermediate\Rxmxnx.PInvoke.Extensions.Intermediate.csproj", "{788B317D-B5DB-4CFB-BE05-3E410820F306}"
EndProject
Project("{FAE04EC0-301F-11D3-BF4B-00C04F79EFBC}") = "Rxmxnx.PInvoke.CString.Intermediate", "Intermediate\Rxmxnx.PInvoke.CString.Intermediate\Rxmxnx.PInvoke.CString.Intermediate.csproj", "{A92F32C0-A2F5-419A-9AA2-E1DF8E16FDC4}"
EndProject
Project("{FAE04EC0-301F-11D3-BF4B-00C04F79EFBC}") = "Rxmxnx.PInvoke.Common.Tests", "Test\Rxmxnx.PInvoke.Common.Tests\Rxmxnx.PInvoke.Common.Tests.csproj", "{CD98BE04-3132-4B29-9236-6A72FC78825C}"
EndProject
Project("{FAE04EC0-301F-11D3-BF4B-00C04F79EFBC}") = "Rxmxnx.PInvoke.CString.Tests.SourceGenerator", "Test\Rxmxnx.PInvoke.CString.Tests.SourceGenerator\Rxmxnx.PInvoke.CString.Tests.SourceGenerator.csproj", "{F47599B6-C9C6-4827-B59D-F37CA978F94F}"
EndProject
Project("{FAE04EC0-301F-11D3-BF4B-00C04F79EFBC}") = "Rxmxnx.PInvoke.CString.Tests", "Test\Rxmxnx.PInvoke.CString.Tests\Rxmxnx.PInvoke.CString.Tests.csproj", "{6D46C20D-7631-4082-9661-E566D0C67996}"
EndProject
Project("{FAE04EC0-301F-11D3-BF4B-00C04F79EFBC}") = "Rxmxnx.PInvoke.Extensions", "Package\Rxmxnx.PInvoke.Extensions\Rxmxnx.PInvoke.Extensions.csproj", "{533C4118-E3AD-49C8-AD80-FA189CCDF852}"
EndProject
Global
	GlobalSection(SolutionConfigurationPlatforms) = preSolution
		Debug|Any CPU = Debug|Any CPU
		Release|Any CPU = Release|Any CPU
	EndGlobalSection
	GlobalSection(ProjectConfigurationPlatforms) = postSolution
		{28D580AB-F5AF-44F7-8071-5D200C9858AA}.Debug|Any CPU.ActiveCfg = Debug|Any CPU
		{28D580AB-F5AF-44F7-8071-5D200C9858AA}.Debug|Any CPU.Build.0 = Debug|Any CPU
		{28D580AB-F5AF-44F7-8071-5D200C9858AA}.Release|Any CPU.ActiveCfg = Release|Any CPU
		{28D580AB-F5AF-44F7-8071-5D200C9858AA}.Release|Any CPU.Build.0 = Release|Any CPU
		{788B317D-B5DB-4CFB-BE05-3E410820F306}.Debug|Any CPU.ActiveCfg = Debug|Any CPU
		{788B317D-B5DB-4CFB-BE05-3E410820F306}.Debug|Any CPU.Build.0 = Debug|Any CPU
		{788B317D-B5DB-4CFB-BE05-3E410820F306}.Release|Any CPU.ActiveCfg = Release|Any CPU
		{788B317D-B5DB-4CFB-BE05-3E410820F306}.Release|Any CPU.Build.0 = Release|Any CPU
		{A92F32C0-A2F5-419A-9AA2-E1DF8E16FDC4}.Debug|Any CPU.ActiveCfg = Debug|Any CPU
		{A92F32C0-A2F5-419A-9AA2-E1DF8E16FDC4}.Debug|Any CPU.Build.0 = Debug|Any CPU
		{A92F32C0-A2F5-419A-9AA2-E1DF8E16FDC4}.Release|Any CPU.ActiveCfg = Release|Any CPU
		{A92F32C0-A2F5-419A-9AA2-E1DF8E16FDC4}.Release|Any CPU.Build.0 = Release|Any CPU
		{CD98BE04-3132-4B29-9236-6A72FC78825C}.Debug|Any CPU.ActiveCfg = Debug|Any CPU
		{CD98BE04-3132-4B29-9236-6A72FC78825C}.Debug|Any CPU.Build.0 = Debug|Any CPU
		{CD98BE04-3132-4B29-9236-6A72FC78825C}.Release|Any CPU.ActiveCfg = Release|Any CPU
		{CD98BE04-3132-4B29-9236-6A72FC78825C}.Release|Any CPU.Build.0 = Release|Any CPU
		{F47599B6-C9C6-4827-B59D-F37CA978F94F}.Debug|Any CPU.ActiveCfg = Debug|Any CPU
		{F47599B6-C9C6-4827-B59D-F37CA978F94F}.Debug|Any CPU.Build.0 = Debug|Any CPU
		{F47599B6-C9C6-4827-B59D-F37CA978F94F}.Release|Any CPU.ActiveCfg = Release|Any CPU
		{F47599B6-C9C6-4827-B59D-F37CA978F94F}.Release|Any CPU.Build.0 = Release|Any CPU
		{6D46C20D-7631-4082-9661-E566D0C67996}.Debug|Any CPU.ActiveCfg = Debug|Any CPU
		{6D46C20D-7631-4082-9661-E566D0C67996}.Debug|Any CPU.Build.0 = Debug|Any CPU
		{6D46C20D-7631-4082-9661-E566D0C67996}.Release|Any CPU.ActiveCfg = Release|Any CPU
		{6D46C20D-7631-4082-9661-E566D0C67996}.Release|Any CPU.Build.0 = Release|Any CPU
		{533C4118-E3AD-49C8-AD80-FA189CCDF852}.Debug|Any CPU.ActiveCfg = Debug|Any CPU
		{533C4118-E3AD-49C8-AD80-FA189CCDF852}.Debug|Any CPU.Build.0 = Debug|Any CPU
		{533C4118-E3AD-49C8-AD80-FA189CCDF852}.Release|Any CPU.ActiveCfg = Release|Any CPU
		{533C4118-E3AD-49C8-AD80-FA189CCDF852}.Release|Any CPU.Build.0 = Release|Any CPU
	EndGlobalSection
	GlobalSection(SolutionProperties) = preSolution
		HideSolutionNode = FALSE
	EndGlobalSection
	GlobalSection(ExtensibilityGlobals) = postSolution
		SolutionGuid = {7365B188-C615-4D3B-ADCD-86202A8300F0}
	EndGlobalSection
EndGlobal
