
Microsoft Visual Studio Solution File, Format Version 12.00
# Visual Studio Version 17
VisualStudioVersion = 17.6.33723.286
MinimumVisualStudioVersion = 10.0.40219.1
Project("{9A19103F-16F7-4668-BE54-9A1E7A4F7556}") = "Rxmxnx.PInvoke.Common.Intermediate", "Intermediate\Rxmxnx.PInvoke.Common.Intermediate\Rxmxnx.PInvoke.Common.Intermediate.csproj", "{28D580AB-F5AF-44F7-8071-5D200C9858AA}"
EndProject
Project("{9A19103F-16F7-4668-BE54-9A1E7A4F7556}") = "Rxmxnx.PInvoke.Extensions.Intermediate", "Intermediate\Rxmxnx.PInvoke.Extensions.Intermediate\Rxmxnx.PInvoke.Extensions.Intermediate.csproj", "{788B317D-B5DB-4CFB-BE05-3E410820F306}"
EndProject
Project("{9A19103F-16F7-4668-BE54-9A1E7A4F7556}") = "Rxmxnx.PInvoke.CString.Intermediate", "Intermediate\Rxmxnx.PInvoke.CString.Intermediate\Rxmxnx.PInvoke.CString.Intermediate.csproj", "{A92F32C0-A2F5-419A-9AA2-E1DF8E16FDC4}"
EndProject
Project("{9A19103F-16F7-4668-BE54-9A1E7A4F7556}") = "Rxmxnx.PInvoke.Common.Tests", "Test\Rxmxnx.PInvoke.Common.Tests\Rxmxnx.PInvoke.Common.Tests.csproj", "{CD98BE04-3132-4B29-9236-6A72FC78825C}"
EndProject
Project("{9A19103F-16F7-4668-BE54-9A1E7A4F7556}") = "Rxmxnx.PInvoke.CString.Tests.SourceGenerator", "Test\Rxmxnx.PInvoke.CString.Tests.SourceGenerator\Rxmxnx.PInvoke.CString.Tests.SourceGenerator.csproj", "{F47599B6-C9C6-4827-B59D-F37CA978F94F}"
EndProject
Project("{9A19103F-16F7-4668-BE54-9A1E7A4F7556}") = "Rxmxnx.PInvoke.CString.Tests", "Test\Rxmxnx.PInvoke.CString.Tests\Rxmxnx.PInvoke.CString.Tests.csproj", "{6D46C20D-7631-4082-9661-E566D0C67996}"
EndProject
Project("{9A19103F-16F7-4668-BE54-9A1E7A4F7556}") = "Rxmxnx.PInvoke.Extensions.Tests", "Test\Rxmxnx.PInvoke.Extensions.Tests\Rxmxnx.PInvoke.Extensions.Tests.csproj", "{C437B5BE-9FCA-4485-A4A1-A8C88068DA56}"
EndProject
Project("{FAE04EC0-301F-11D3-BF4B-00C04F79EFBC}") = "Rxmxnx.PInvoke.Tests.Base", "Test\Rxmxnx.PInvoke.Tests.Base\Rxmxnx.PInvoke.Tests.Base.csproj", "{0DD5850A-EEF6-4C33-AEA8-3E3713E311D1}"
EndProject
Project("{2150E333-8FDC-42A3-9474-1A3956D46DE8}") = "Intermediate", "Intermediate", "{7471F0F0-581A-4D38-BD0B-C3B44FA8ABC8}"
	ProjectSection(SolutionItems) = preProject
		..\README.md = ..\README.md
		..\.github\workflows\build.yml = ..\.github\workflows\build.yml
		..\.github\workflows\release.yml = ..\.github\workflows\release.yml
		..\package\Intermediate-to-Package.targets = ..\package\Intermediate-to-Package.targets
	EndProjectSection
EndProject
Project("{2150E333-8FDC-42A3-9474-1A3956D46DE8}") = "Tests", "Tests", "{36897245-7D3A-4774-A7CE-4F9D0A86D3C7}"
	ProjectSection(SolutionItems) = preProject
		Test\x86.runsettings = Test\x86.runsettings
	EndProjectSection
EndProject
Project("{FAE04EC0-301F-11D3-BF4B-00C04F79EFBC}") = "Rxmxnx.PInvoke.Buffers.Intermediate", "Intermediate\Rxmxnx.PInvoke.Buffers.Intermediate\Rxmxnx.PInvoke.Buffers.Intermediate.csproj", "{A3765D6C-8B1C-4852-B502-6CE353DDA47C}"
EndProject
Project("{FAE04EC0-301F-11D3-BF4B-00C04F79EFBC}") = "Rxmxnx.PInvoke.Buffers.Tests", "Test\Rxmxnx.PInvoke.Buffers.Tests\Rxmxnx.PInvoke.Buffers.Tests.csproj", "{6B9E67AA-67EE-460E-A403-3EBB99D3F068}"
EndProject
Global
	GlobalSection(SolutionConfigurationPlatforms) = preSolution
		Debug|Any CPU = Debug|Any CPU
		Release|Any CPU = Release|Any CPU
	EndGlobalSection
	GlobalSection(ProjectConfigurationPlatforms) = postSolution
		{28D580AB-F5AF-44F7-8071-5D200C9858AA}.Debug|Any CPU.ActiveCfg = Debug|Any CPU
		{28D580AB-F5AF-44F7-8071-5D200C9858AA}.Debug|Any CPU.Build.0 = Debug|Any CPU
		{28D580AB-F5AF-44F7-8071-5D200C9858AA}.Release|Any CPU.ActiveCfg = Release|Any CPU
		{28D580AB-F5AF-44F7-8071-5D200C9858AA}.Release|Any CPU.Build.0 = Release|Any CPU
		{788B317D-B5DB-4CFB-BE05-3E410820F306}.Debug|Any CPU.ActiveCfg = Debug|Any CPU
		{788B317D-B5DB-4CFB-BE05-3E410820F306}.Debug|Any CPU.Build.0 = Debug|Any CPU
		{788B317D-B5DB-4CFB-BE05-3E410820F306}.Release|Any CPU.ActiveCfg = Release|Any CPU
		{788B317D-B5DB-4CFB-BE05-3E410820F306}.Release|Any CPU.Build.0 = Release|Any CPU
		{A92F32C0-A2F5-419A-9AA2-E1DF8E16FDC4}.Debug|Any CPU.ActiveCfg = Debug|Any CPU
		{A92F32C0-A2F5-419A-9AA2-E1DF8E16FDC4}.Debug|Any CPU.Build.0 = Debug|Any CPU
		{A92F32C0-A2F5-419A-9AA2-E1DF8E16FDC4}.Release|Any CPU.ActiveCfg = Release|Any CPU
		{A92F32C0-A2F5-419A-9AA2-E1DF8E16FDC4}.Release|Any CPU.Build.0 = Release|Any CPU
		{CD98BE04-3132-4B29-9236-6A72FC78825C}.Debug|Any CPU.ActiveCfg = Debug|Any CPU
		{CD98BE04-3132-4B29-9236-6A72FC78825C}.Debug|Any CPU.Build.0 = Debug|Any CPU
		{CD98BE04-3132-4B29-9236-6A72FC78825C}.Release|Any CPU.ActiveCfg = Release|Any CPU
		{CD98BE04-3132-4B29-9236-6A72FC78825C}.Release|Any CPU.Build.0 = Release|Any CPU
		{F47599B6-C9C6-4827-B59D-F37CA978F94F}.Debug|Any CPU.ActiveCfg = Debug|Any CPU
		{F47599B6-C9C6-4827-B59D-F37CA978F94F}.Debug|Any CPU.Build.0 = Debug|Any CPU
		{F47599B6-C9C6-4827-B59D-F37CA978F94F}.Release|Any CPU.ActiveCfg = Release|Any CPU
		{F47599B6-C9C6-4827-B59D-F37CA978F94F}.Release|Any CPU.Build.0 = Release|Any CPU
		{6D46C20D-7631-4082-9661-E566D0C67996}.Debug|Any CPU.ActiveCfg = Debug|Any CPU
		{6D46C20D-7631-4082-9661-E566D0C67996}.Debug|Any CPU.Build.0 = Debug|Any CPU
		{6D46C20D-7631-4082-9661-E566D0C67996}.Release|Any CPU.ActiveCfg = Release|Any CPU
		{6D46C20D-7631-4082-9661-E566D0C67996}.Release|Any CPU.Build.0 = Release|Any CPU
		{C437B5BE-9FCA-4485-A4A1-A8C88068DA56}.Debug|Any CPU.ActiveCfg = Debug|Any CPU
		{C437B5BE-9FCA-4485-A4A1-A8C88068DA56}.Debug|Any CPU.Build.0 = Debug|Any CPU
		{C437B5BE-9FCA-4485-A4A1-A8C88068DA56}.Release|Any CPU.ActiveCfg = Release|Any CPU
		{C437B5BE-9FCA-4485-A4A1-A8C88068DA56}.Release|Any CPU.Build.0 = Release|Any CPU
		{0DD5850A-EEF6-4C33-AEA8-3E3713E311D1}.Debug|Any CPU.ActiveCfg = Debug|Any CPU
		{0DD5850A-EEF6-4C33-AEA8-3E3713E311D1}.Debug|Any CPU.Build.0 = Debug|Any CPU
		{0DD5850A-EEF6-4C33-AEA8-3E3713E311D1}.Release|Any CPU.ActiveCfg = Release|Any CPU
		{0DD5850A-EEF6-4C33-AEA8-3E3713E311D1}.Release|Any CPU.Build.0 = Release|Any CPU
		{A3765D6C-8B1C-4852-B502-6CE353DDA47C}.Debug|Any CPU.ActiveCfg = Debug|Any CPU
		{A3765D6C-8B1C-4852-B502-6CE353DDA47C}.Debug|Any CPU.Build.0 = Debug|Any CPU
		{A3765D6C-8B1C-4852-B502-6CE353DDA47C}.Release|Any CPU.ActiveCfg = Release|Any CPU
		{A3765D6C-8B1C-4852-B502-6CE353DDA47C}.Release|Any CPU.Build.0 = Release|Any CPU
		{6B9E67AA-67EE-460E-A403-3EBB99D3F068}.Debug|Any CPU.ActiveCfg = Debug|Any CPU
		{6B9E67AA-67EE-460E-A403-3EBB99D3F068}.Debug|Any CPU.Build.0 = Debug|Any CPU
		{6B9E67AA-67EE-460E-A403-3EBB99D3F068}.Release|Any CPU.ActiveCfg = Release|Any CPU
		{6B9E67AA-67EE-460E-A403-3EBB99D3F068}.Release|Any CPU.Build.0 = Release|Any CPU
	EndGlobalSection
	GlobalSection(SolutionProperties) = preSolution
		HideSolutionNode = FALSE
	EndGlobalSection
	GlobalSection(ExtensibilityGlobals) = postSolution
		SolutionGuid = {7365B188-C615-4D3B-ADCD-86202A8300F0}
	EndGlobalSection
	GlobalSection(NestedProjects) = preSolution
		{28D580AB-F5AF-44F7-8071-5D200C9858AA} = {7471F0F0-581A-4D38-BD0B-C3B44FA8ABC8}
		{A92F32C0-A2F5-419A-9AA2-E1DF8E16FDC4} = {7471F0F0-581A-4D38-BD0B-C3B44FA8ABC8}
		{788B317D-B5DB-4CFB-BE05-3E410820F306} = {7471F0F0-581A-4D38-BD0B-C3B44FA8ABC8}
		{CD98BE04-3132-4B29-9236-6A72FC78825C} = {36897245-7D3A-4774-A7CE-4F9D0A86D3C7}
		{6D46C20D-7631-4082-9661-E566D0C67996} = {36897245-7D3A-4774-A7CE-4F9D0A86D3C7}
		{F47599B6-C9C6-4827-B59D-F37CA978F94F} = {36897245-7D3A-4774-A7CE-4F9D0A86D3C7}
		{C437B5BE-9FCA-4485-A4A1-A8C88068DA56} = {36897245-7D3A-4774-A7CE-4F9D0A86D3C7}
		{0DD5850A-EEF6-4C33-AEA8-3E3713E311D1} = {36897245-7D3A-4774-A7CE-4F9D0A86D3C7}
		{A3765D6C-8B1C-4852-B502-6CE353DDA47C} = {7471F0F0-581A-4D38-BD0B-C3B44FA8ABC8}
		{6B9E67AA-67EE-460E-A403-3EBB99D3F068} = {36897245-7D3A-4774-A7CE-4F9D0A86D3C7}
	EndGlobalSection
EndGlobal
