
Microsoft Visual Studio Solution File, Format Version 12.00
# Visual Studio Version 16
VisualStudioVersion = 25.0.1704.5
MinimumVisualStudioVersion = 10.0.40219.1
Project("{FAE04EC0-301F-11D3-BF4B-00C04F79EFBC}") = "Rxmxnx.PInvoke.Common", "Rxmxnx.PInvoke.Common\Rxmxnx.PInvoke.Common.csproj", "{28D580AB-F5AF-44F7-8071-5D200C9858AA}"
EndProject
Project("{FAE04EC0-301F-11D3-BF4B-00C04F79EFBC}") = "Rxmxnx.PInvoke.Extensions", "Rxmxnx.PInvoke.Extensions\Rxmxnx.PInvoke.Extensions.csproj", "{788B317D-B5DB-4CFB-BE05-3E410820F306}"
EndProject
Project("{FAE04EC0-301F-11D3-BF4B-00C04F79EFBC}") = "Rxmxnx.PInvoke.CString", "Rxmxnx.PInvoke.CString\Rxmxnx.PInvoke.CString.csproj", "{A92F32C0-A2F5-419A-9AA2-E1DF8E16FDC4}"
EndProject
Global
	GlobalSection(SolutionConfigurationPlatforms) = preSolution
		Debug|Any CPU = Debug|Any CPU
		Release|Any CPU = Release|Any CPU
	EndGlobalSection
	GlobalSection(ProjectConfigurationPlatforms) = postSolution
		{28D580AB-F5AF-44F7-8071-5D200C9858AA}.Debug|Any CPU.ActiveCfg = Debug|Any CPU
		{28D580AB-F5AF-44F7-8071-5D200C9858AA}.Debug|Any CPU.Build.0 = Debug|Any CPU
		{28D580AB-F5AF-44F7-8071-5D200C9858AA}.Release|Any CPU.ActiveCfg = Release|Any CPU
		{28D580AB-F5AF-44F7-8071-5D200C9858AA}.Release|Any CPU.Build.0 = Release|Any CPU
		{788B317D-B5DB-4CFB-BE05-3E410820F306}.Debug|Any CPU.ActiveCfg = Debug|Any CPU
		{788B317D-B5DB-4CFB-BE05-3E410820F306}.Debug|Any CPU.Build.0 = Debug|Any CPU
		{788B317D-B5DB-4CFB-BE05-3E410820F306}.Release|Any CPU.ActiveCfg = Release|Any CPU
		{788B317D-B5DB-4CFB-BE05-3E410820F306}.Release|Any CPU.Build.0 = Release|Any CPU
		{A92F32C0-A2F5-419A-9AA2-E1DF8E16FDC4}.Debug|Any CPU.ActiveCfg = Debug|Any CPU
		{A92F32C0-A2F5-419A-9AA2-E1DF8E16FDC4}.Debug|Any CPU.Build.0 = Debug|Any CPU
		{A92F32C0-A2F5-419A-9AA2-E1DF8E16FDC4}.Release|Any CPU.ActiveCfg = Release|Any CPU
		{A92F32C0-A2F5-419A-9AA2-E1DF8E16FDC4}.Release|Any CPU.Build.0 = Release|Any CPU
	EndGlobalSection
	GlobalSection(SolutionProperties) = preSolution
		HideSolutionNode = FALSE
	EndGlobalSection
	GlobalSection(ExtensibilityGlobals) = postSolution
		SolutionGuid = {7365B188-C615-4D3B-ADCD-86202A8300F0}
	EndGlobalSection
EndGlobal
